github.com/OneOfOne/xxhash v1.2.8 h1:31czK/TI9sNkxIKfaUfGlU47BAxQ0ztGgd9vPyqimf8=
github.com/OneOfOne/xxhash v1.2.8/go.mod h1:eZbhyaAYD41SGSSsnmcpxVoRiQ/MPUTjUdIIOT9Um7Q=
github.com/karrick/buffer v1.1.1 h1:F4QtSGiyUbR3eHcMMt07FnLbFOINnJTwbAqlW3TP42g=
github.com/karrick/buffer v1.1.1/go.mod h1:DiOkXZ+6NP27rii13j+EzDlJ36vf8Tr/+9256Vaj79Y=
github.com/karrick/gobsp v0.1.0 h1:1V/urcAm2MUOccZAQflW0Amrb8FuEfrXn8i1G3jLHls=
github.com/karrick/gobsp v0.1.0/go.mod h1:dXh3prXWnTSrny8OjACNTqmjmWCpqQRDf1J7FlXIBUs=
github.com/karrick/godirwalk v1.16.1 h1:DynhcF+bztK8gooS0+NDJFrdNZjJ3gzVzC545UNA9iw=
github.com/karrick/godirwalk v1.16.1/go.mod h1:j4mkqPuvaLI8mp1DroR3P6ad7cyYd4c1qeJ3RV7ULlk=
github.com/karrick/golf v1.4.0 h1:9i9HnUh7uCyUFJhIqg311HBibw4f2pbGldi0ZM2FhaQ=
github.com/karrick/golf v1.4.0/go.mod h1:qGN0IhcEL+IEgCXp00RvH32UP59vtwc8w5YcIdArNRk=
github.com/pkg/errors v0.9.1 h1:FEBLx1zS214owpjy7qsBeixbURkuhQAwrK5UwLGTwt4=
github.com/pkg/errors v0.9.1/go.mod h1:bwawxfHBFNV+L2hUp1rHADufV3IMtnDRdf1r5NINEl0=
golang.org/x/sys v0.0.0-20201221093633-bc327ba9c2f0 h1:n+DPcgTwkgWzIFpLmoimYR2K2b0Ga5+Os4kayIN0vGo=
golang.org/x/sys v0.0.0-20201221093633-bc327ba9c2f0/go.mod h1:h1NjWce9XRLGQEsW7wpKNCjG9DtNlClVuFLEZdDNbEs=
